
Microsoft Visual Studio Solution File, Format Version 12.00
# Visual Studio Version 16
VisualStudioVersion = 16.0.31112.23
MinimumVisualStudioVersion = 10.0.40219.1
Project("{FAE04EC0-301F-11D3-BF4B-00C04F79EFBC}") = "HW4", "HW4\HW4.csproj", "{C2DEBA8A-25AD-4404-8C3E-C0E03AD51671}"
EndProject
Global
	GlobalSection(SolutionConfigurationPlatforms) = preSolution
		Debug|Any CPU = Debug|Any CPU
		Release|Any CPU = Release|Any CPU
	EndGlobalSection
	GlobalSection(ProjectConfigurationPlatforms) = postSolution
		{C2DEBA8A-25AD-4404-8C3E-C0E03AD51671}.Debug|Any CPU.ActiveCfg = Debug|Any CPU
		{C2DEBA8A-25AD-4404-8C3E-C0E03AD51671}.Debug|Any CPU.Build.0 = Debug|Any CPU
		{C2DEBA8A-25AD-4404-8C3E-C0E03AD51671}.Release|Any CPU.ActiveCfg = Release|Any CPU
		{C2DEBA8A-25AD-4404-8C3E-C0E03AD51671}.Release|Any CPU.Build.0 = Release|Any CPU
	EndGlobalSection
	GlobalSection(SolutionProperties) = preSolution
		HideSolutionNode = FALSE
	EndGlobalSection
	GlobalSection(ExtensibilityGlobals) = postSolution
		SolutionGuid = {FF96827B-D888-4FEF-812A-89B3AA53998A}
	EndGlobalSection
EndGlobal
